{
    "_readme": [
        "This file locks the dependencies of your project to a known state",
        "Read more about it at https://getcomposer.org/doc/01-basic-usage.md#composer-lock-the-lock-file",
        "This file is @generated automatically"
    ],
    "content-hash": "2a5879032b713c40b1606d7bc76b4191",
    "packages": [
        {
            "name": "lijinma/php-cli-color",
            "version": "1.0.0",
            "source": {
                "type": "git",
                "url": "https://github.com/lijinma/php-cli-color.git",
                "reference": "5ee4f7414882b26a4a657428e9a15872bde99b38"
            },
            "dist": {
                "type": "zip",
                "url": "https://api.github.com/repos/lijinma/php-cli-color/zipball/5ee4f7414882b26a4a657428e9a15872bde99b38",
                "reference": "5ee4f7414882b26a4a657428e9a15872bde99b38",
                "shasum": ""
            },
            "require": {
                "php": ">=5.3.0"
            },
            "type": "library",
            "autoload": {
                "psr-4": {
                    "Lijinma\\": "src"
                }
            },
            "notification-url": "https://packagist.org/downloads/",
            "license": [
                "MIT"
            ],
            "authors": [
                {
                    "name": "Jinma li",
                    "email": "lijinma@126.com",
                    "homepage": "http://www.lijinma.com"
                }
            ],
            "description": "Make colorful CLI output easy",
            "homepage": "https://github.com/lijinma/php-cli-color",
            "time": "2014-12-23T07:14:16+00:00"
        },
        {
            "name": "mongodb/mongodb",
            "version": "1.0.4",
            "source": {
                "type": "git",
                "url": "https://github.com/mongodb/mongo-php-library.git",
                "reference": "302de20d8302183e1c70b335d81798cec5bcebd4"
            },
            "dist": {
                "type": "zip",
                "url": "https://api.github.com/repos/mongodb/mongo-php-library/zipball/302de20d8302183e1c70b335d81798cec5bcebd4",
                "reference": "302de20d8302183e1c70b335d81798cec5bcebd4",
                "shasum": ""
            },
            "require": {
                "ext-mongodb": "^1.1.0",
                "php": ">=5.4"
            },
            "type": "library",
            "autoload": {
                "psr-4": {
                    "MongoDB\\": "src/"
                },
                "files": [
                    "src/functions.php"
                ]
            },
            "notification-url": "https://packagist.org/downloads/",
            "license": [
                "Apache-2.0"
            ],
            "authors": [
                {
                    "name": "Jeremy Mikola",
                    "email": "jmikola@gmail.com"
                },
                {
                    "name": "Hannes Magnusson",
                    "email": "bjori@mongodb.com"
                },
                {
                    "name": "Derick Rethans",
                    "email": "github@derickrethans.nl"
                }
            ],
            "description": "MongoDB driver library",
            "homepage": "https://jira.mongodb.org/browse/PHPLIB",
            "keywords": [
                "database",
                "driver",
                "mongodb",
                "persistence"
            ],
            "time": "2016-12-05T20:02:14+00:00"
        },
        {
            "name": "symfony/process",
            "version": "2.7.x-dev",
            "target-dir": "Symfony/Component/Process",
            "source": {
                "type": "git",
                "url": "https://github.com/symfony/process.git",
                "reference": "e68470654c6ad2c402f3df90a4461966dfd38bec"
            },
            "dist": {
                "type": "zip",
                "url": "https://api.github.com/repos/symfony/process/zipball/e68470654c6ad2c402f3df90a4461966dfd38bec",
                "reference": "e68470654c6ad2c402f3df90a4461966dfd38bec",
                "shasum": ""
            },
            "require": {
                "php": ">=5.3.9"
            },
            "require-dev": {
                "symfony/phpunit-bridge": "~2.7|~3.0.0"
            },
            "type": "library",
            "extra": {
                "branch-alias": {
                    "dev-master": "2.7-dev"
                }
            },
            "autoload": {
                "psr-0": {
                    "Symfony\\Component\\Process\\": ""
                }
            },
            "notification-url": "https://packagist.org/downloads/",
            "license": [
                "MIT"
            ],
            "authors": [
                {
                    "name": "Symfony Community",
                    "homepage": "http://symfony.com/contributors"
                },
                {
                    "name": "Fabien Potencier",
                    "email": "fabien@symfony.com"
                }
            ],
            "description": "Symfony Process Component",
            "homepage": "http://symfony.com",
            "time": "2015-03-23 08:18:05"
        }
    ],
    "packages-dev": [],
    "aliases": [],
    "minimum-stability": "stable",
    "stability-flags": {
        "symfony/process": 20
    },
    "prefer-stable": false,
    "prefer-lowest": false,
    "platform": [],
    "platform-dev": []
}
